
Microsoft Visual Studio Solution File, Format Version 12.00
# Visual Studio Version 17
VisualStudioVersion = 17.5.33530.505
MinimumVisualStudioVersion = 10.0.40219.1
Project("{FAE04EC0-301F-11D3-BF4B-00C04F79EFBC}") = "TicTacToe", "TicTacToe\TicTacToe.csproj", "{29369E3D-530C-44AB-A38A-A2589DE691EE}"
EndProject
Global
	GlobalSection(SolutionConfigurationPlatforms) = preSolution
		Debug|Any CPU = Debug|Any CPU
		Release|Any CPU = Release|Any CPU
	EndGlobalSection
	GlobalSection(ProjectConfigurationPlatforms) = postSolution
		{29369E3D-530C-44AB-A38A-A2589DE691EE}.Debug|Any CPU.ActiveCfg = Debug|Any CPU
		{29369E3D-530C-44AB-A38A-A2589DE691EE}.Debug|Any CPU.Build.0 = Debug|Any CPU
		{29369E3D-530C-44AB-A38A-A2589DE691EE}.Release|Any CPU.ActiveCfg = Release|Any CPU
		{29369E3D-530C-44AB-A38A-A2589DE691EE}.Release|Any CPU.Build.0 = Release|Any CPU
	EndGlobalSection
	GlobalSection(SolutionProperties) = preSolution
		HideSolutionNode = FALSE
	EndGlobalSection
	GlobalSection(ExtensibilityGlobals) = postSolution
		SolutionGuid = {CB48491F-8EF2-4E2F-80E7-100F7348D7F8}
	EndGlobalSection
EndGlobal
